// !$*UTF8*$!
{
	archiveVersion = 1;
	classes = {
	};
	objectVersion = 46;
	objects = {

/* Begin PBXBuildFile section */
		BD7A396F1BF4608400E52E08 /* main.m in Sources */ = {isa = PBXBuildFile; fileRef = BD7A396E1BF4608400E52E08 /* main.m */; };
		BD7A39721BF4608400E52E08 /* AppDelegate.m in Sources */ = {isa = PBXBuildFile; fileRef = BD7A39711BF4608400E52E08 /* AppDelegate.m */; };
		BD7A39751BF4608400E52E08 /* ViewController.m in Sources */ = {isa = PBXBuildFile; fileRef = BD7A39741BF4608400E52E08 /* ViewController.m */; };
		BD7A39781BF4608400E52E08 /* Main.storyboard in Resources */ = {isa = PBXBuildFile; fileRef = BD7A39761BF4608400E52E08 /* Main.storyboard */; };
		BD7A397A1BF4608400E52E08 /* Assets.xcassets in Resources */ = {isa = PBXBuildFile; fileRef = BD7A39791BF4608400E52E08 /* Assets.xcassets */; };
		BD7A397D1BF4608400E52E08 /* LaunchScreen.storyboard in Resources */ = {isa = PBXBuildFile; fileRef = BD7A397B1BF4608400E52E08 /* LaunchScreen.storyboard */; };
/* End PBXBuildFile section */

/* Begin PBXFileReference section */
		BD7A396A1BF4608400E52E08 /* 체감온도.app */ = {isa = PBXFileReference; explicitFileType = wrapper.application; includeInIndex = 0; path = "체감온도.app"; sourceTree = BUILT_PRODUCTS_DIR; };
		BD7A396E1BF4608400E52E08 /* main.m */ = {isa = PBXFileReference; lastKnownFileType = sourcecode.c.objc; path = main.m; sourceTree = "<group>"; };
		BD7A39701BF4608400E52E08 /* AppDelegate.h */ = {isa = PBXFileReference; lastKnownFileType = sourcecode.c.h; path = AppDelegate.h; sourceTree = "<group>"; };
		BD7A39711BF4608400E52E08 /* AppDelegate.m */ = {isa = PBXFileReference; lastKnownFileType = sourcecode.c.objc; path = AppDelegate.m; sourceTree = "<group>"; };
		BD7A39731BF4608400E52E08 /* ViewController.h */ = {isa = PBXFileReference; lastKnownFileType = sourcecode.c.h; path = ViewController.h; sourceTree = "<group>"; };
		BD7A39741BF4608400E52E08 /* ViewController.m */ = {isa = PBXFileReference; lastKnownFileType = sourcecode.c.objc; path = ViewController.m; sourceTree = "<group>"; };
		BD7A39771BF4608400E52E08 /* Base */ = {isa = PBXFileReference; lastKnownFileType = file.storyboard; name = Base; path = Base.lproj/Main.storyboard; sourceTree = "<group>"; };
		BD7A39791BF4608400E52E08 /* Assets.xcassets */ = {isa = PBXFileReference; lastKnownFileType = folder.assetcatalog; path = Assets.xcassets; sourceTree = "<group>"; };
		BD7A397C1BF4608400E52E08 /* Base */ = {isa = PBXFileReference; lastKnownFileType = file.storyboard; name = Base; path = Base.lproj/LaunchScreen.storyboard; sourceTree = "<group>"; };
		BD7A397E1BF4608400E52E08 /* Info.plist */ = {isa = PBXFileReference; lastKnownFileType = text.plist.xml; path = Info.plist; sourceTree = "<group>"; };
/* End PBXFileReference section */

/* Begin PBXFrameworksBuildPhase section */
		BD7A39671BF4608400E52E08 /* Frameworks */ = {
			isa = PBXFrameworksBuildPhase;
			buildActionMask = 2147483647;
			files = (
			);
			runOnlyForDeploymentPostprocessing = 0;
		};
/* End PBXFrameworksBuildPhase section */

/* Begin PBXGroup section */
		BD7A39611BF4608400E52E08 = {
			isa = PBXGroup;
			children = (
				BD7A396C1BF4608400E52E08 /* fastWeather */,
				BD7A396B1BF4608400E52E08 /* Products */,
			);
			sourceTree = "<group>";
		};
		BD7A396B1BF4608400E52E08 /* Products */ = {
			isa = PBXGroup;
			children = (
				BD7A396A1BF4608400E52E08 /* 체감온도.app */,
			);
			name = Products;
			sourceTree = "<group>";
		};
		BD7A396C1BF4608400E52E08 /* fastWeather */ = {
			isa = PBXGroup;
			children = (
				BD7A39701BF4608400E52E08 /* AppDelegate.h */,
				BD7A39711BF4608400E52E08 /* AppDelegate.m */,
				BD7A39731BF4608400E52E08 /* ViewController.h */,
				BD7A39741BF4608400E52E08 /* ViewController.m */,
				BD7A39761BF4608400E52E08 /* Main.storyboard */,
				BD7A39791BF4608400E52E08 /* Assets.xcassets */,
				BD7A397B1BF4608400E52E08 /* LaunchScreen.storyboard */,
				BD7A397E1BF4608400E52E08 /* Info.plist */,
				BD7A396D1BF4608400E52E08 /* Supporting Files */,
			);
			path = fastWeather;
			sourceTree = "<group>";
		};
		BD7A396D1BF4608400E52E08 /* Supporting Files */ = {
			isa = PBXGroup;
			children = (
				BD7A396E1BF4608400E52E08 /* main.m */,
			);
			name = "Supporting Files";
			sourceTree = "<group>";
		};
/* End PBXGroup section */

/* Begin PBXNativeTarget section */
		BD7A39691BF4608400E52E08 /* fastWeather */ = {
			isa = PBXNativeTarget;
			buildConfigurationList = BD7A39811BF4608400E52E08 /* Build configuration list for PBXNativeTarget "fastWeather" */;
			buildPhases = (
				BD7A39661BF4608400E52E08 /* Sources */,
				BD7A39671BF4608400E52E08 /* Frameworks */,
				BD7A39681BF4608400E52E08 /* Resources */,
			);
			buildRules = (
			);
			dependencies = (
			);
			name = fastWeather;
			productName = fastWeather;
			productReference = BD7A396A1BF4608400E52E08 /* 체감온도.app */;
			productType = "com.apple.product-type.application";
		};
/* End PBXNativeTarget section */

/* Begin PBXProject section */
		BD7A39621BF4608400E52E08 /* Project object */ = {
			isa = PBXProject;
			attributes = {
				LastUpgradeCheck = 0710;
				ORGANIZATIONNAME = greenmonster;
				TargetAttributes = {
					BD7A39691BF4608400E52E08 = {
						CreatedOnToolsVersion = 7.1;
					};
				};
			};
			buildConfigurationList = BD7A39651BF4608400E52E08 /* Build configuration list for PBXProject "fastWeather" */;
			compatibilityVersion = "Xcode 3.2";
			developmentRegion = English;
			hasScannedForEncodings = 0;
			knownRegions = (
				en,
				Base,
			);
			mainGroup = BD7A39611BF4608400E52E08;
			productRefGroup = BD7A396B1BF4608400E52E08 /* Products */;
			projectDirPath = "";
			projectRoot = "";
			targets = (
				BD7A39691BF4608400E52E08 /* fastWeather */,
			);
		};
/* End PBXProject section */

/* Begin PBXResourcesBuildPhase section */
		BD7A39681BF4608400E52E08 /* Resources */ = {
			isa = PBXResourcesBuildPhase;
			buildActionMask = 2147483647;
			files = (
				BD7A397D1BF4608400E52E08 /* LaunchScreen.storyboard in Resources */,
				BD7A397A1BF4608400E52E08 /* Assets.xcassets in Resources */,
				BD7A39781BF4608400E52E08 /* Main.storyboard in Resources */,
			);
			runOnlyForDeploymentPostprocessing = 0;
		};
/* End PBXResourcesBuildPhase section */

/* Begin PBXSourcesBuildPhase section */
		BD7A39661BF4608400E52E08 /* Sources */ = {
			isa = PBXSourcesBuildPhase;
			buildActionMask = 2147483647;
			files = (
				BD7A39751BF4608400E52E08 /* ViewController.m in Sources */,
				BD7A39721BF4608400E52E08 /* AppDelegate.m in Sources */,
				BD7A396F1BF4608400E52E08 /* main.m in Sources */,
			);
			runOnlyForDeploymentPostprocessing = 0;
		};
/* End PBXSourcesBuildPhase section */

/* Begin PBXVariantGroup section */
		BD7A39761BF4608400E52E08 /* Main.storyboard */ = {
			isa = PBXVariantGroup;
			children = (
				BD7A39771BF4608400E52E08 /* Base */,
			);
			name = Main.storyboard;
			sourceTree = "<group>";
		};
		BD7A397B1BF4608400E52E08 /* LaunchScreen.storyboard */ = {
			isa = PBXVariantGroup;
			children = (
				BD7A397C1BF4608400E52E08 /* Base */,
			);
			name = LaunchScreen.storyboard;
			sourceTree = "<group>";
		};
/* End PBXVariantGroup section */

/* Begin XCBuildConfiguration section */
		BD7A397F1BF4608400E52E08 /* Debug */ = {
			isa = XCBuildConfiguration;
			buildSettings = {
				ALWAYS_SEARCH_USER_PATHS = NO;
				CLANG_CXX_LANGUAGE_STANDARD = "gnu++0x";
				CLANG_CXX_LIBRARY = "libc++";
				CLANG_ENABLE_MODULES = YES;
				CLANG_ENABLE_OBJC_ARC = YES;
				CLANG_WARN_BOOL_CONVERSION = YES;
				CLANG_WARN_CONSTANT_CONVERSION = YES;
				CLANG_WARN_DIRECT_OBJC_ISA_USAGE = YES_ERROR;
				CLANG_WARN_EMPTY_BODY = YES;
				CLANG_WARN_ENUM_CONVERSION = YES;
				CLANG_WARN_INT_CONVERSION = YES;
				CLANG_WARN_OBJC_ROOT_CLASS = YES_ERROR;
				CLANG_WARN_UNREACHABLE_CODE = YES;
				CLANG_WARN__DUPLICATE_METHOD_MATCH = YES;
				"CODE_SIGN_IDENTITY[sdk=iphoneos*]" = "iPhone Developer";
				COPY_PHASE_STRIP = NO;
				DEBUG_INFORMATION_FORMAT = dwarf;
				ENABLE_STRICT_OBJC_MSGSEND = YES;
				ENABLE_TESTABILITY = YES;
				GCC_C_LANGUAGE_STANDARD = gnu99;
				GCC_DYNAMIC_NO_PIC = NO;
				GCC_NO_COMMON_BLOCKS = YES;
				GCC_OPTIMIZATION_LEVEL = 0;
				GCC_PREPROCESSOR_DEFINITIONS = (
					"DEBUG=1",
					"$(inherited)",
				);
				GCC_WARN_64_TO_32_BIT_CONVERSION = YES;
				GCC_WARN_ABOUT_RETURN_TYPE = YES_ERROR;
				GCC_WARN_UNDECLARED_SELECTOR = YES;
				GCC_WARN_UNINITIALIZED_AUTOS = YES_AGGRESSIVE;
				GCC_WARN_UNUSED_FUNCTION = YES;
				GCC_WARN_UNUSED_VARIABLE = YES;
				IPHONEOS_DEPLOYMENT_TARGET = 9.1;
				MTL_ENABLE_DEBUG_INFO = YES;
				ONLY_ACTIVE_ARCH = YES;
				SDKROOT = iphoneos;
			};
			name = Debug;
		};
		BD7A39801BF4608400E52E08 /* Release */ = {
			isa = XCBuildConfiguration;
			buildSettings = {
				ALWAYS_SEARCH_USER_PATHS = NO;
				CLANG_CXX_LANGUAGE_STANDARD = "gnu++0x";
				CLANG_CXX_LIBRARY = "libc++";
				CLANG_ENABLE_MODULES = YES;
				CLANG_ENABLE_OBJC_ARC = YES;
				CLANG_WARN_BOOL_CONVERSION = YES;
				CLANG_WARN_CONSTANT_CONVERSION = YES;
				CLANG_WARN_DIRECT_OBJC_ISA_USAGE = YES_ERROR;
				CLANG_WARN_EMPTY_BODY = YES;
				CLANG_WARN_ENUM_CONVERSION = YES;
				CLANG_WARN_INT_CONVERSION = YES;
				CLANG_WARN_OBJC_ROOT_CLASS = YES_ERROR;
				CLANG_WARN_UNREACHABLE_CODE = YES;
				CLANG_WARN__DUPLICATE_METHOD_MATCH = YES;
				"CODE_SIGN_IDENTITY[sdk=iphoneos*]" = "iPhone Developer";
				COPY_PHASE_STRIP = NO;
				DEBUG_INFORMATION_FORMAT = "dwarf-with-dsym";
				ENABLE_NS_ASSERTIONS = NO;
				ENABLE_STRICT_OBJC_MSGSEND = YES;
				GCC_C_LANGUAGE_STANDARD = gnu99;
				GCC_NO_COMMON_BLOCKS = YES;
				GCC_WARN_64_TO_32_BIT_CONVERSION = YES;
				GCC_WARN_ABOUT_RETURN_TYPE = YES_ERROR;
				GCC_WARN_UNDECLARED_SELECTOR = YES;
				GCC_WARN_UNINITIALIZED_AUTOS = YES_AGGRESSIVE;
				GCC_WARN_UNUSED_FUNCTION = YES;
				GCC_WARN_UNUSED_VARIABLE = YES;
				IPHONEOS_DEPLOYMENT_TARGET = 9.1;
				MTL_ENABLE_DEBUG_INFO = NO;
				SDKROOT = iphoneos;
				VALIDATE_PRODUCT = YES;
			};
			name = Release;
		};
		BD7A39821BF4608400E52E08 /* Debug */ = {
			isa = XCBuildConfiguration;
			buildSettings = {
				ASSETCATALOG_COMPILER_APPICON_NAME = AppIcon;
				INFOPLIST_FILE = fastWeather/Info.plist;
				LD_RUNPATH_SEARCH_PATHS = "$(inherited) @executable_path/Frameworks";
				PRODUCT_BUNDLE_IDENTIFIER = greenmonster.com.fastWeather;
				PRODUCT_NAME = "체감온도";
			};
			name = Debug;
		};
		BD7A39831BF4608400E52E08 /* Release */ = {
			isa = XCBuildConfiguration;
			buildSettings = {
				ASSETCATALOG_COMPILER_APPICON_NAME = AppIcon;
				INFOPLIST_FILE = fastWeather/Info.plist;
				LD_RUNPATH_SEARCH_PATHS = "$(inherited) @executable_path/Frameworks";
				PRODUCT_BUNDLE_IDENTIFIER = greenmonster.com.fastWeather;
				PRODUCT_NAME = "체감온도";
			};
			name = Release;
		};
/* End XCBuildConfiguration section */

/* Begin XCConfigurationList section */
		BD7A39651BF4608400E52E08 /* Build configuration list for PBXProject "fastWeather" */ = {
			isa = XCConfigurationList;
			buildConfigurations = (
				BD7A397F1BF4608400E52E08 /* Debug */,
				BD7A39801BF4608400E52E08 /* Release */,
			);
			defaultConfigurationIsVisible = 0;
			defaultConfigurationName = Release;
		};
		BD7A39811BF4608400E52E08 /* Build configuration list for PBXNativeTarget "fastWeather" */ = {
			isa = XCConfigurationList;
			buildConfigurations = (
				BD7A39821BF4608400E52E08 /* Debug */,
				BD7A39831BF4608400E52E08 /* Release */,
			);
			defaultConfigurationIsVisible = 0;
		};
/* End XCConfigurationList section */
	};
	rootObject = BD7A39621BF4608400E52E08 /* Project object */;
}
